// !$*UTF8*$!
{
	archiveVersion = 1;
	classes = {
	};
	objectVersion = 46;
	objects = {

/* Begin PBXBuildFile section */
		03AC94FC1C735E4F00F66D3B /* AppDelegate.swift in Sources */ = {isa = PBXBuildFile; fileRef = 03AC94FB1C735E4F00F66D3B /* AppDelegate.swift */; };
		03AC95011C735E4F00F66D3B /* Main.storyboard in Resources */ = {isa = PBXBuildFile; fileRef = 03AC94FF1C735E4F00F66D3B /* Main.storyboard */; };
		03AC95031C735E4F00F66D3B /* Assets.xcassets in Resources */ = {isa = PBXBuildFile; fileRef = 03AC95021C735E4F00F66D3B /* Assets.xcassets */; };
		03AC95061C735E4F00F66D3B /* LaunchScreen.storyboard in Resources */ = {isa = PBXBuildFile; fileRef = 03AC95041C735E4F00F66D3B /* LaunchScreen.storyboard */; };
		03AC950E1C73608A00F66D3B /* CollectionViewController.swift in Sources */ = {isa = PBXBuildFile; fileRef = 03AC950D1C73608A00F66D3B /* CollectionViewController.swift */; };
		03AC95131C73618400F66D3B /* 1.png in Resources */ = {isa = PBXBuildFile; fileRef = 03AC95101C73618400F66D3B /* 1.png */; };
		03AC95171C73661F00F66D3B /* MyLayout.swift in Sources */ = {isa = PBXBuildFile; fileRef = 03AC95161C73661E00F66D3B /* MyLayout.swift */; };
/* End PBXBuildFile section */

/* Begin PBXFileReference section */
		03AC94F81C735E4F00F66D3B /* LernedCollectionViewLayout.app */ = {isa = PBXFileReference; explicitFileType = wrapper.application; includeInIndex = 0; path = LernedCollectionViewLayout.app; sourceTree = BUILT_PRODUCTS_DIR; };
		03AC94FB1C735E4F00F66D3B /* AppDelegate.swift */ = {isa = PBXFileReference; lastKnownFileType = sourcecode.swift; path = AppDelegate.swift; sourceTree = "<group>"; };
		03AC95001C735E4F00F66D3B /* Base */ = {isa = PBXFileReference; lastKnownFileType = file.storyboard; name = Base; path = Base.lproj/Main.storyboard; sourceTree = "<group>"; };
		03AC95021C735E4F00F66D3B /* Assets.xcassets */ = {isa = PBXFileReference; lastKnownFileType = folder.assetcatalog; path = Assets.xcassets; sourceTree = "<group>"; };
		03AC95051C735E4F00F66D3B /* Base */ = {isa = PBXFileReference; lastKnownFileType = file.storyboard; name = Base; path = Base.lproj/LaunchScreen.storyboard; sourceTree = "<group>"; };
		03AC95071C735E4F00F66D3B /* Info.plist */ = {isa = PBXFileReference; lastKnownFileType = text.plist.xml; path = Info.plist; sourceTree = "<group>"; };
		03AC950D1C73608A00F66D3B /* CollectionViewController.swift */ = {isa = PBXFileReference; fileEncoding = 4; lastKnownFileType = sourcecode.swift; path = CollectionViewController.swift; sourceTree = "<group>"; };
		03AC95101C73618400F66D3B /* 1.png */ = {isa = PBXFileReference; lastKnownFileType = image.png; path = 1.png; sourceTree = "<group>"; };
		03AC95161C73661E00F66D3B /* MyLayout.swift */ = {isa = PBXFileReference; fileEncoding = 4; lastKnownFileType = sourcecode.swift; name = MyLayout.swift; path = ../MyLayout.swift; sourceTree = "<group>"; };
/* End PBXFileReference section */

/* Begin PBXFrameworksBuildPhase section */
		03AC94F51C735E4F00F66D3B /* Frameworks */ = {
			isa = PBXFrameworksBuildPhase;
			buildActionMask = 2147483647;
			files = (
			);
			runOnlyForDeploymentPostprocessing = 0;
		};
/* End PBXFrameworksBuildPhase section */

/* Begin PBXGroup section */
		03AC94EF1C735E4F00F66D3B = {
			isa = PBXGroup;
			children = (
				03AC94FA1C735E4F00F66D3B /* LernedCollectionViewLayout */,
				03AC94F91C735E4F00F66D3B /* Products */,
			);
			sourceTree = "<group>";
		};
		03AC94F91C735E4F00F66D3B /* Products */ = {
			isa = PBXGroup;
			children = (
				03AC94F81C735E4F00F66D3B /* LernedCollectionViewLayout.app */,
			);
			name = Products;
			sourceTree = "<group>";
		};
		03AC94FA1C735E4F00F66D3B /* LernedCollectionViewLayout */ = {
			isa = PBXGroup;
			children = (
				03AC950F1C73613600F66D3B /* Images */,
				03AC94FB1C735E4F00F66D3B /* AppDelegate.swift */,
				03AC94FF1C735E4F00F66D3B /* Main.storyboard */,
				03AC95161C73661E00F66D3B /* MyLayout.swift */,
				03AC950D1C73608A00F66D3B /* CollectionViewController.swift */,
				03AC95021C735E4F00F66D3B /* Assets.xcassets */,
				03AC95041C735E4F00F66D3B /* LaunchScreen.storyboard */,
				03AC95071C735E4F00F66D3B /* Info.plist */,
			);
			path = LernedCollectionViewLayout;
			sourceTree = "<group>";
		};
		03AC950F1C73613600F66D3B /* Images */ = {
			isa = PBXGroup;
			children = (
				03AC95101C73618400F66D3B /* 1.png */,
			);
			name = Images;
			sourceTree = "<group>";
		};
/* End PBXGroup section */

/* Begin PBXNativeTarget section */
		03AC94F71C735E4F00F66D3B /* LernedCollectionViewLayout */ = {
			isa = PBXNativeTarget;
			buildConfigurationList = 03AC950A1C735E4F00F66D3B /* Build configuration list for PBXNativeTarget "LernedCollectionViewLayout" */;
			buildPhases = (
				03AC94F41C735E4F00F66D3B /* Sources */,
				03AC94F51C735E4F00F66D3B /* Frameworks */,
				03AC94F61C735E4F00F66D3B /* Resources */,
			);
			buildRules = (
			);
			dependencies = (
			);
			name = LernedCollectionViewLayout;
			productName = LernedCollectionViewLayout;
			productReference = 03AC94F81C735E4F00F66D3B /* LernedCollectionViewLayout.app */;
			productType = "com.apple.product-type.application";
		};
/* End PBXNativeTarget section */

/* Begin PBXProject section */
		03AC94F01C735E4F00F66D3B /* Project object */ = {
			isa = PBXProject;
			attributes = {
				LastSwiftUpdateCheck = 0720;
				LastUpgradeCheck = 0720;
				ORGANIZATIONNAME = nvovap;
				TargetAttributes = {
					03AC94F71C735E4F00F66D3B = {
						CreatedOnToolsVersion = 7.2.1;
					};
				};
			};
			buildConfigurationList = 03AC94F31C735E4F00F66D3B /* Build configuration list for PBXProject "LernedCollectionViewLayout" */;
			compatibilityVersion = "Xcode 3.2";
			developmentRegion = English;
			hasScannedForEncodings = 0;
			knownRegions = (
				en,
				Base,
			);
			mainGroup = 03AC94EF1C735E4F00F66D3B;
			productRefGroup = 03AC94F91C735E4F00F66D3B /* Products */;
			projectDirPath = "";
			projectRoot = "";
			targets = (
				03AC94F71C735E4F00F66D3B /* LernedCollectionViewLayout */,
			);
		};
/* End PBXProject section */

/* Begin PBXResourcesBuildPhase section */
		03AC94F61C735E4F00F66D3B /* Resources */ = {
			isa = PBXResourcesBuildPhase;
			buildActionMask = 2147483647;
			files = (
				03AC95131C73618400F66D3B /* 1.png in Resources */,
				03AC95061C735E4F00F66D3B /* LaunchScreen.storyboard in Resources */,
				03AC95031C735E4F00F66D3B /* Assets.xcassets in Resources */,
				03AC95011C735E4F00F66D3B /* Main.storyboard in Resources */,
			);
			runOnlyForDeploymentPostprocessing = 0;
		};
/* End PBXResourcesBuildPhase section */

/* Begin PBXSourcesBuildPhase section */
		03AC94F41C735E4F00F66D3B /* Sources */ = {
			isa = PBXSourcesBuildPhase;
			buildActionMask = 2147483647;
			files = (
				03AC950E1C73608A00F66D3B /* CollectionViewController.swift in Sources */,
				03AC95171C73661F00F66D3B /* MyLayout.swift in Sources */,
				03AC94FC1C735E4F00F66D3B /* AppDelegate.swift in Sources */,
			);
			runOnlyForDeploymentPostprocessing = 0;
		};
/* End PBXSourcesBuildPhase section */

/* Begin PBXVariantGroup section */
		03AC94FF1C735E4F00F66D3B /* Main.storyboard */ = {
			isa = PBXVariantGroup;
			children = (
				03AC95001C735E4F00F66D3B /* Base */,
			);
			name = Main.storyboard;
			sourceTree = "<group>";
		};
		03AC95041C735E4F00F66D3B /* LaunchScreen.storyboard */ = {
			isa = PBXVariantGroup;
			children = (
				03AC95051C735E4F00F66D3B /* Base */,
			);
			name = LaunchScreen.storyboard;
			sourceTree = "<group>";
		};
/* End PBXVariantGroup section */

/* Begin XCBuildConfiguration section */
		03AC95081C735E4F00F66D3B /* Debug */ = {
			isa = XCBuildConfiguration;
			buildSettings = {
				ALWAYS_SEARCH_USER_PATHS = NO;
				CLANG_CXX_LANGUAGE_STANDARD = "gnu++0x";
				CLANG_CXX_LIBRARY = "libc++";
				CLANG_ENABLE_MODULES = YES;
				CLANG_ENABLE_OBJC_ARC = YES;
				CLANG_WARN_BOOL_CONVERSION = YES;
				CLANG_WARN_CONSTANT_CONVERSION = YES;
				CLANG_WARN_DIRECT_OBJC_ISA_USAGE = YES_ERROR;
				CLANG_WARN_EMPTY_BODY = YES;
				CLANG_WARN_ENUM_CONVERSION = YES;
				CLANG_WARN_INT_CONVERSION = YES;
				CLANG_WARN_OBJC_ROOT_CLASS = YES_ERROR;
				CLANG_WARN_UNREACHABLE_CODE = YES;
				CLANG_WARN__DUPLICATE_METHOD_MATCH = YES;
				"CODE_SIGN_IDENTITY[sdk=iphoneos*]" = "iPhone Developer";
				COPY_PHASE_STRIP = NO;
				DEBUG_INFORMATION_FORMAT = dwarf;
				ENABLE_STRICT_OBJC_MSGSEND = YES;
				ENABLE_TESTABILITY = YES;
				GCC_C_LANGUAGE_STANDARD = gnu99;
				GCC_DYNAMIC_NO_PIC = NO;
				GCC_NO_COMMON_BLOCKS = YES;
				GCC_OPTIMIZATION_LEVEL = 0;
				GCC_PREPROCESSOR_DEFINITIONS = (
					"DEBUG=1",
					"$(inherited)",
				);
				GCC_WARN_64_TO_32_BIT_CONVERSION = YES;
				GCC_WARN_ABOUT_RETURN_TYPE = YES_ERROR;
				GCC_WARN_UNDECLARED_SELECTOR = YES;
				GCC_WARN_UNINITIALIZED_AUTOS = YES_AGGRESSIVE;
				GCC_WARN_UNUSED_FUNCTION = YES;
				GCC_WARN_UNUSED_VARIABLE = YES;
				IPHONEOS_DEPLOYMENT_TARGET = 9.2;
				MTL_ENABLE_DEBUG_INFO = YES;
				ONLY_ACTIVE_ARCH = YES;
				SDKROOT = iphoneos;
				SWIFT_OPTIMIZATION_LEVEL = "-Onone";
				TARGETED_DEVICE_FAMILY = "1,2";
			};
			name = Debug;
		};
		03AC95091C735E4F00F66D3B /* Release */ = {
			isa = XCBuildConfiguration;
			buildSettings = {
				ALWAYS_SEARCH_USER_PATHS = NO;
				CLANG_CXX_LANGUAGE_STANDARD = "gnu++0x";
				CLANG_CXX_LIBRARY = "libc++";
				CLANG_ENABLE_MODULES = YES;
				CLANG_ENABLE_OBJC_ARC = YES;
				CLANG_WARN_BOOL_CONVERSION = YES;
				CLANG_WARN_CONSTANT_CONVERSION = YES;
				CLANG_WARN_DIRECT_OBJC_ISA_USAGE = YES_ERROR;
				CLANG_WARN_EMPTY_BODY = YES;
				CLANG_WARN_ENUM_CONVERSION = YES;
				CLANG_WARN_INT_CONVERSION = YES;
				CLANG_WARN_OBJC_ROOT_CLASS = YES_ERROR;
				CLANG_WARN_UNREACHABLE_CODE = YES;
				CLANG_WARN__DUPLICATE_METHOD_MATCH = YES;
				"CODE_SIGN_IDENTITY[sdk=iphoneos*]" = "iPhone Developer";
				COPY_PHASE_STRIP = NO;
				DEBUG_INFORMATION_FORMAT = "dwarf-with-dsym";
				ENABLE_NS_ASSERTIONS = NO;
				ENABLE_STRICT_OBJC_MSGSEND = YES;
				GCC_C_LANGUAGE_STANDARD = gnu99;
				GCC_NO_COMMON_BLOCKS = YES;
				GCC_WARN_64_TO_32_BIT_CONVERSION = YES;
				GCC_WARN_ABOUT_RETURN_TYPE = YES_ERROR;
				GCC_WARN_UNDECLARED_SELECTOR = YES;
				GCC_WARN_UNINITIALIZED_AUTOS = YES_AGGRESSIVE;
				GCC_WARN_UNUSED_FUNCTION = YES;
				GCC_WARN_UNUSED_VARIABLE = YES;
				IPHONEOS_DEPLOYMENT_TARGET = 9.2;
				MTL_ENABLE_DEBUG_INFO = NO;
				SDKROOT = iphoneos;
				TARGETED_DEVICE_FAMILY = "1,2";
				VALIDATE_PRODUCT = YES;
			};
			name = Release;
		};
		03AC950B1C735E4F00F66D3B /* Debug */ = {
			isa = XCBuildConfiguration;
			buildSettings = {
				ASSETCATALOG_COMPILER_APPICON_NAME = AppIcon;
				INFOPLIST_FILE = LernedCollectionViewLayout/Info.plist;
				LD_RUNPATH_SEARCH_PATHS = "$(inherited) @executable_path/Frameworks";
				PRODUCT_BUNDLE_IDENTIFIER = nvovap.com.LernedCollectionViewLayout;
				PRODUCT_NAME = "$(TARGET_NAME)";
			};
			name = Debug;
		};
		03AC950C1C735E4F00F66D3B /* Release */ = {
			isa = XCBuildConfiguration;
			buildSettings = {
				ASSETCATALOG_COMPILER_APPICON_NAME = AppIcon;
				INFOPLIST_FILE = LernedCollectionViewLayout/Info.plist;
				LD_RUNPATH_SEARCH_PATHS = "$(inherited) @executable_path/Frameworks";
				PRODUCT_BUNDLE_IDENTIFIER = nvovap.com.LernedCollectionViewLayout;
				PRODUCT_NAME = "$(TARGET_NAME)";
			};
			name = Release;
		};
/* End XCBuildConfiguration section */

/* Begin XCConfigurationList section */
		03AC94F31C735E4F00F66D3B /* Build configuration list for PBXProject "LernedCollectionViewLayout" */ = {
			isa = XCConfigurationList;
			buildConfigurations = (
				03AC95081C735E4F00F66D3B /* Debug */,
				03AC95091C735E4F00F66D3B /* Release */,
			);
			defaultConfigurationIsVisible = 0;
			defaultConfigurationName = Release;
		};
		03AC950A1C735E4F00F66D3B /* Build configuration list for PBXNativeTarget "LernedCollectionViewLayout" */ = {
			isa = XCConfigurationList;
			buildConfigurations = (
				03AC950B1C735E4F00F66D3B /* Debug */,
				03AC950C1C735E4F00F66D3B /* Release */,
			);
			defaultConfigurationIsVisible = 0;
		};
/* End XCConfigurationList section */
	};
	rootObject = 03AC94F01C735E4F00F66D3B /* Project object */;
}
